
Microsoft Visual Studio Solution File, Format Version 12.00
# Visual Studio Version 17
VisualStudioVersion = 17.9.34728.123
MinimumVisualStudioVersion = 10.0.40219.1
Project("{FAE04EC0-301F-11D3-BF4B-00C04F79EFBC}") = "Task2_v1_DataLayer", "DataLayer\Task2_v1_DataLayer.csproj", "{EA47FDA2-6B7C-4C00-A59B-B0252472010D}"
EndProject
Project("{FAE04EC0-301F-11D3-BF4B-00C04F79EFBC}") = "Task2_v1_ServiceLayer", "ServiceLayer\Task2_v1_ServiceLayer.csproj", "{A5D6D86C-944A-4D85-91C5-CD3D6E48F2F5}"
EndProject
Project("{FAE04EC0-301F-11D3-BF4B-00C04F79EFBC}") = "Task2_v1_PresentationLayer", "Task2_v1_PresentationLayer\Task2_v1_PresentationLayer.csproj", "{F8571004-15FF-42B7-BE88-CCD72C549192}"
EndProject
Project("{2150E333-8FDC-42A3-9474-1A3956D46DE8}") = "Solution Items", "Solution Items", "{B9769DAD-2492-4D79-9B97-34A1324E21E7}"
	ProjectSection(SolutionItems) = preProject
		DataLayer\HotelDatabase.mdf = DataLayer\HotelDatabase.mdf
	EndProjectSection
EndProject
Global
	GlobalSection(SolutionConfigurationPlatforms) = preSolution
		Debug|Any CPU = Debug|Any CPU
		Release|Any CPU = Release|Any CPU
	EndGlobalSection
	GlobalSection(ProjectConfigurationPlatforms) = postSolution
		{EA47FDA2-6B7C-4C00-A59B-B0252472010D}.Debug|Any CPU.ActiveCfg = Debug|Any CPU
		{EA47FDA2-6B7C-4C00-A59B-B0252472010D}.Debug|Any CPU.Build.0 = Debug|Any CPU
		{EA47FDA2-6B7C-4C00-A59B-B0252472010D}.Release|Any CPU.ActiveCfg = Release|Any CPU
		{EA47FDA2-6B7C-4C00-A59B-B0252472010D}.Release|Any CPU.Build.0 = Release|Any CPU
		{A5D6D86C-944A-4D85-91C5-CD3D6E48F2F5}.Debug|Any CPU.ActiveCfg = Debug|Any CPU
		{A5D6D86C-944A-4D85-91C5-CD3D6E48F2F5}.Debug|Any CPU.Build.0 = Debug|Any CPU
		{A5D6D86C-944A-4D85-91C5-CD3D6E48F2F5}.Release|Any CPU.ActiveCfg = Release|Any CPU
		{A5D6D86C-944A-4D85-91C5-CD3D6E48F2F5}.Release|Any CPU.Build.0 = Release|Any CPU
		{F8571004-15FF-42B7-BE88-CCD72C549192}.Debug|Any CPU.ActiveCfg = Debug|Any CPU
		{F8571004-15FF-42B7-BE88-CCD72C549192}.Debug|Any CPU.Build.0 = Debug|Any CPU
		{F8571004-15FF-42B7-BE88-CCD72C549192}.Release|Any CPU.ActiveCfg = Release|Any CPU
		{F8571004-15FF-42B7-BE88-CCD72C549192}.Release|Any CPU.Build.0 = Release|Any CPU
	EndGlobalSection
	GlobalSection(SolutionProperties) = preSolution
		HideSolutionNode = FALSE
	EndGlobalSection
	GlobalSection(ExtensibilityGlobals) = postSolution
		SolutionGuid = {29A75642-F26D-45E4-B96F-4E6F3FEAF479}
	EndGlobalSection
EndGlobal
