
Microsoft Visual Studio Solution File, Format Version 12.00
# Visual Studio Version 17
VisualStudioVersion = 17.9.34728.123
MinimumVisualStudioVersion = 10.0.40219.1
Project("{FAE04EC0-301F-11D3-BF4B-00C04F79EFBC}") = "Task1Solution", "Task1Solution.csproj", "{45A976B2-671C-4FB2-9E8C-9D08A3B59FC0}"
EndProject
Project("{FAE04EC0-301F-11D3-BF4B-00C04F79EFBC}") = "DataTask1", "..\DataTask1\DataTask1.csproj", "{6D2BD3EA-C8B6-4E3F-A931-9E8C2EB52DCF}"
EndProject
Project("{FAE04EC0-301F-11D3-BF4B-00C04F79EFBC}") = "LogicTask1", "..\LogicTask1\LogicTask1.csproj", "{F7EA7948-059D-4C95-9322-1F8CD3543DCA}"
EndProject
Global
	GlobalSection(SolutionConfigurationPlatforms) = preSolution
		Debug|Any CPU = Debug|Any CPU
		Release|Any CPU = Release|Any CPU
	EndGlobalSection
	GlobalSection(ProjectConfigurationPlatforms) = postSolution
		{45A976B2-671C-4FB2-9E8C-9D08A3B59FC0}.Debug|Any CPU.ActiveCfg = Debug|Any CPU
		{45A976B2-671C-4FB2-9E8C-9D08A3B59FC0}.Debug|Any CPU.Build.0 = Debug|Any CPU
		{45A976B2-671C-4FB2-9E8C-9D08A3B59FC0}.Release|Any CPU.ActiveCfg = Release|Any CPU
		{45A976B2-671C-4FB2-9E8C-9D08A3B59FC0}.Release|Any CPU.Build.0 = Release|Any CPU
		{6D2BD3EA-C8B6-4E3F-A931-9E8C2EB52DCF}.Debug|Any CPU.ActiveCfg = Debug|Any CPU
		{6D2BD3EA-C8B6-4E3F-A931-9E8C2EB52DCF}.Debug|Any CPU.Build.0 = Debug|Any CPU
		{6D2BD3EA-C8B6-4E3F-A931-9E8C2EB52DCF}.Release|Any CPU.ActiveCfg = Release|Any CPU
		{6D2BD3EA-C8B6-4E3F-A931-9E8C2EB52DCF}.Release|Any CPU.Build.0 = Release|Any CPU
		{F7EA7948-059D-4C95-9322-1F8CD3543DCA}.Debug|Any CPU.ActiveCfg = Debug|Any CPU
		{F7EA7948-059D-4C95-9322-1F8CD3543DCA}.Debug|Any CPU.Build.0 = Debug|Any CPU
		{F7EA7948-059D-4C95-9322-1F8CD3543DCA}.Release|Any CPU.ActiveCfg = Release|Any CPU
		{F7EA7948-059D-4C95-9322-1F8CD3543DCA}.Release|Any CPU.Build.0 = Release|Any CPU
	EndGlobalSection
	GlobalSection(SolutionProperties) = preSolution
		HideSolutionNode = FALSE
	EndGlobalSection
	GlobalSection(ExtensibilityGlobals) = postSolution
		SolutionGuid = {F7B85C32-21D2-4642-8DCC-1EF5F1F17242}
	EndGlobalSection
EndGlobal
