
Microsoft Visual Studio Solution File, Format Version 12.00
# Visual Studio Version 17
VisualStudioVersion = 17.9.34728.123
MinimumVisualStudioVersion = 10.0.40219.1
Project("{9A19103F-16F7-4668-BE54-9A1E7A4F7556}") = "Task1Solution", "Task1Solution.csproj", "{45A976B2-671C-4FB2-9E8C-9D08A3B59FC0}"
EndProject
Project("{9A19103F-16F7-4668-BE54-9A1E7A4F7556}") = "DataTask1", "..\DataTask1\DataTask1.csproj", "{6D2BD3EA-C8B6-4E3F-A931-9E8C2EB52DCF}"
EndProject
Project("{9A19103F-16F7-4668-BE54-9A1E7A4F7556}") = "LogicTask1", "..\LogicTask1\LogicTask1.csproj", "{F7EA7948-059D-4C95-9322-1F8CD3543DCA}"
EndProject
Project("{9A19103F-16F7-4668-BE54-9A1E7A4F7556}") = "TestLogicTask1", "..\TestTask1\TestLogicTask1.csproj", "{D472C848-1C35-4FB0-A55F-11896A98769A}"
EndProject
Project("{9A19103F-16F7-4668-BE54-9A1E7A4F7556}") = "TestDataTask1", "..\TestDataTask1\TestDataTask1.csproj", "{F24E449D-52F9-42FD-A607-E40FAB5AEDAD}"
EndProject
Global
	GlobalSection(SolutionConfigurationPlatforms) = preSolution
		Debug|Any CPU = Debug|Any CPU
		Debug|ARM = Debug|ARM
		Debug|ARM64 = Debug|ARM64
		Debug|x64 = Debug|x64
		Debug|x86 = Debug|x86
		Release|Any CPU = Release|Any CPU
		Release|ARM = Release|ARM
		Release|ARM64 = Release|ARM64
		Release|x64 = Release|x64
		Release|x86 = Release|x86
	EndGlobalSection
	GlobalSection(ProjectConfigurationPlatforms) = postSolution
		{45A976B2-671C-4FB2-9E8C-9D08A3B59FC0}.Debug|Any CPU.ActiveCfg = Debug|Any CPU
		{45A976B2-671C-4FB2-9E8C-9D08A3B59FC0}.Debug|Any CPU.Build.0 = Debug|Any CPU
		{45A976B2-671C-4FB2-9E8C-9D08A3B59FC0}.Debug|ARM.ActiveCfg = Debug|Any CPU
		{45A976B2-671C-4FB2-9E8C-9D08A3B59FC0}.Debug|ARM.Build.0 = Debug|Any CPU
		{45A976B2-671C-4FB2-9E8C-9D08A3B59FC0}.Debug|ARM64.ActiveCfg = Debug|Any CPU
		{45A976B2-671C-4FB2-9E8C-9D08A3B59FC0}.Debug|ARM64.Build.0 = Debug|Any CPU
		{45A976B2-671C-4FB2-9E8C-9D08A3B59FC0}.Debug|x64.ActiveCfg = Debug|Any CPU
		{45A976B2-671C-4FB2-9E8C-9D08A3B59FC0}.Debug|x64.Build.0 = Debug|Any CPU
		{45A976B2-671C-4FB2-9E8C-9D08A3B59FC0}.Debug|x86.ActiveCfg = Debug|Any CPU
		{45A976B2-671C-4FB2-9E8C-9D08A3B59FC0}.Debug|x86.Build.0 = Debug|Any CPU
		{45A976B2-671C-4FB2-9E8C-9D08A3B59FC0}.Release|Any CPU.ActiveCfg = Release|Any CPU
		{45A976B2-671C-4FB2-9E8C-9D08A3B59FC0}.Release|Any CPU.Build.0 = Release|Any CPU
		{45A976B2-671C-4FB2-9E8C-9D08A3B59FC0}.Release|ARM.ActiveCfg = Release|Any CPU
		{45A976B2-671C-4FB2-9E8C-9D08A3B59FC0}.Release|ARM.Build.0 = Release|Any CPU
		{45A976B2-671C-4FB2-9E8C-9D08A3B59FC0}.Release|ARM64.ActiveCfg = Release|Any CPU
		{45A976B2-671C-4FB2-9E8C-9D08A3B59FC0}.Release|ARM64.Build.0 = Release|Any CPU
		{45A976B2-671C-4FB2-9E8C-9D08A3B59FC0}.Release|x64.ActiveCfg = Release|Any CPU
		{45A976B2-671C-4FB2-9E8C-9D08A3B59FC0}.Release|x64.Build.0 = Release|Any CPU
		{45A976B2-671C-4FB2-9E8C-9D08A3B59FC0}.Release|x86.ActiveCfg = Release|Any CPU
		{45A976B2-671C-4FB2-9E8C-9D08A3B59FC0}.Release|x86.Build.0 = Release|Any CPU
		{6D2BD3EA-C8B6-4E3F-A931-9E8C2EB52DCF}.Debug|Any CPU.ActiveCfg = Debug|Any CPU
		{6D2BD3EA-C8B6-4E3F-A931-9E8C2EB52DCF}.Debug|Any CPU.Build.0 = Debug|Any CPU
		{6D2BD3EA-C8B6-4E3F-A931-9E8C2EB52DCF}.Debug|ARM.ActiveCfg = Debug|Any CPU
		{6D2BD3EA-C8B6-4E3F-A931-9E8C2EB52DCF}.Debug|ARM.Build.0 = Debug|Any CPU
		{6D2BD3EA-C8B6-4E3F-A931-9E8C2EB52DCF}.Debug|ARM64.ActiveCfg = Debug|Any CPU
		{6D2BD3EA-C8B6-4E3F-A931-9E8C2EB52DCF}.Debug|ARM64.Build.0 = Debug|Any CPU
		{6D2BD3EA-C8B6-4E3F-A931-9E8C2EB52DCF}.Debug|x64.ActiveCfg = Debug|Any CPU
		{6D2BD3EA-C8B6-4E3F-A931-9E8C2EB52DCF}.Debug|x64.Build.0 = Debug|Any CPU
		{6D2BD3EA-C8B6-4E3F-A931-9E8C2EB52DCF}.Debug|x86.ActiveCfg = Debug|Any CPU
		{6D2BD3EA-C8B6-4E3F-A931-9E8C2EB52DCF}.Debug|x86.Build.0 = Debug|Any CPU
		{6D2BD3EA-C8B6-4E3F-A931-9E8C2EB52DCF}.Release|Any CPU.ActiveCfg = Release|Any CPU
		{6D2BD3EA-C8B6-4E3F-A931-9E8C2EB52DCF}.Release|Any CPU.Build.0 = Release|Any CPU
		{6D2BD3EA-C8B6-4E3F-A931-9E8C2EB52DCF}.Release|ARM.ActiveCfg = Release|Any CPU
		{6D2BD3EA-C8B6-4E3F-A931-9E8C2EB52DCF}.Release|ARM.Build.0 = Release|Any CPU
		{6D2BD3EA-C8B6-4E3F-A931-9E8C2EB52DCF}.Release|ARM64.ActiveCfg = Release|Any CPU
		{6D2BD3EA-C8B6-4E3F-A931-9E8C2EB52DCF}.Release|ARM64.Build.0 = Release|Any CPU
		{6D2BD3EA-C8B6-4E3F-A931-9E8C2EB52DCF}.Release|x64.ActiveCfg = Release|Any CPU
		{6D2BD3EA-C8B6-4E3F-A931-9E8C2EB52DCF}.Release|x64.Build.0 = Release|Any CPU
		{6D2BD3EA-C8B6-4E3F-A931-9E8C2EB52DCF}.Release|x86.ActiveCfg = Release|Any CPU
		{6D2BD3EA-C8B6-4E3F-A931-9E8C2EB52DCF}.Release|x86.Build.0 = Release|Any CPU
		{F7EA7948-059D-4C95-9322-1F8CD3543DCA}.Debug|Any CPU.ActiveCfg = Debug|Any CPU
		{F7EA7948-059D-4C95-9322-1F8CD3543DCA}.Debug|Any CPU.Build.0 = Debug|Any CPU
		{F7EA7948-059D-4C95-9322-1F8CD3543DCA}.Debug|ARM.ActiveCfg = Debug|Any CPU
		{F7EA7948-059D-4C95-9322-1F8CD3543DCA}.Debug|ARM.Build.0 = Debug|Any CPU
		{F7EA7948-059D-4C95-9322-1F8CD3543DCA}.Debug|ARM64.ActiveCfg = Debug|Any CPU
		{F7EA7948-059D-4C95-9322-1F8CD3543DCA}.Debug|ARM64.Build.0 = Debug|Any CPU
		{F7EA7948-059D-4C95-9322-1F8CD3543DCA}.Debug|x64.ActiveCfg = Debug|Any CPU
		{F7EA7948-059D-4C95-9322-1F8CD3543DCA}.Debug|x64.Build.0 = Debug|Any CPU
		{F7EA7948-059D-4C95-9322-1F8CD3543DCA}.Debug|x86.ActiveCfg = Debug|Any CPU
		{F7EA7948-059D-4C95-9322-1F8CD3543DCA}.Debug|x86.Build.0 = Debug|Any CPU
		{F7EA7948-059D-4C95-9322-1F8CD3543DCA}.Release|Any CPU.ActiveCfg = Release|Any CPU
		{F7EA7948-059D-4C95-9322-1F8CD3543DCA}.Release|Any CPU.Build.0 = Release|Any CPU
		{F7EA7948-059D-4C95-9322-1F8CD3543DCA}.Release|ARM.ActiveCfg = Release|Any CPU
		{F7EA7948-059D-4C95-9322-1F8CD3543DCA}.Release|ARM.Build.0 = Release|Any CPU
		{F7EA7948-059D-4C95-9322-1F8CD3543DCA}.Release|ARM64.ActiveCfg = Release|Any CPU
		{F7EA7948-059D-4C95-9322-1F8CD3543DCA}.Release|ARM64.Build.0 = Release|Any CPU
		{F7EA7948-059D-4C95-9322-1F8CD3543DCA}.Release|x64.ActiveCfg = Release|Any CPU
		{F7EA7948-059D-4C95-9322-1F8CD3543DCA}.Release|x64.Build.0 = Release|Any CPU
		{F7EA7948-059D-4C95-9322-1F8CD3543DCA}.Release|x86.ActiveCfg = Release|Any CPU
		{F7EA7948-059D-4C95-9322-1F8CD3543DCA}.Release|x86.Build.0 = Release|Any CPU
		{D472C848-1C35-4FB0-A55F-11896A98769A}.Debug|Any CPU.ActiveCfg = Debug|Any CPU
		{D472C848-1C35-4FB0-A55F-11896A98769A}.Debug|Any CPU.Build.0 = Debug|Any CPU
		{D472C848-1C35-4FB0-A55F-11896A98769A}.Debug|ARM.ActiveCfg = Debug|Any CPU
		{D472C848-1C35-4FB0-A55F-11896A98769A}.Debug|ARM.Build.0 = Debug|Any CPU
		{D472C848-1C35-4FB0-A55F-11896A98769A}.Debug|ARM64.ActiveCfg = Debug|Any CPU
		{D472C848-1C35-4FB0-A55F-11896A98769A}.Debug|ARM64.Build.0 = Debug|Any CPU
		{D472C848-1C35-4FB0-A55F-11896A98769A}.Debug|x64.ActiveCfg = Debug|Any CPU
		{D472C848-1C35-4FB0-A55F-11896A98769A}.Debug|x64.Build.0 = Debug|Any CPU
		{D472C848-1C35-4FB0-A55F-11896A98769A}.Debug|x86.ActiveCfg = Debug|Any CPU
		{D472C848-1C35-4FB0-A55F-11896A98769A}.Debug|x86.Build.0 = Debug|Any CPU
		{D472C848-1C35-4FB0-A55F-11896A98769A}.Release|Any CPU.ActiveCfg = Release|Any CPU
		{D472C848-1C35-4FB0-A55F-11896A98769A}.Release|Any CPU.Build.0 = Release|Any CPU
		{D472C848-1C35-4FB0-A55F-11896A98769A}.Release|ARM.ActiveCfg = Release|Any CPU
		{D472C848-1C35-4FB0-A55F-11896A98769A}.Release|ARM.Build.0 = Release|Any CPU
		{D472C848-1C35-4FB0-A55F-11896A98769A}.Release|ARM64.ActiveCfg = Release|Any CPU
		{D472C848-1C35-4FB0-A55F-11896A98769A}.Release|ARM64.Build.0 = Release|Any CPU
		{D472C848-1C35-4FB0-A55F-11896A98769A}.Release|x64.ActiveCfg = Release|Any CPU
		{D472C848-1C35-4FB0-A55F-11896A98769A}.Release|x64.Build.0 = Release|Any CPU
		{D472C848-1C35-4FB0-A55F-11896A98769A}.Release|x86.ActiveCfg = Release|Any CPU
		{D472C848-1C35-4FB0-A55F-11896A98769A}.Release|x86.Build.0 = Release|Any CPU
		{F24E449D-52F9-42FD-A607-E40FAB5AEDAD}.Debug|Any CPU.ActiveCfg = Debug|Any CPU
		{F24E449D-52F9-42FD-A607-E40FAB5AEDAD}.Debug|Any CPU.Build.0 = Debug|Any CPU
		{F24E449D-52F9-42FD-A607-E40FAB5AEDAD}.Debug|ARM.ActiveCfg = Debug|Any CPU
		{F24E449D-52F9-42FD-A607-E40FAB5AEDAD}.Debug|ARM.Build.0 = Debug|Any CPU
		{F24E449D-52F9-42FD-A607-E40FAB5AEDAD}.Debug|ARM64.ActiveCfg = Debug|Any CPU
		{F24E449D-52F9-42FD-A607-E40FAB5AEDAD}.Debug|ARM64.Build.0 = Debug|Any CPU
		{F24E449D-52F9-42FD-A607-E40FAB5AEDAD}.Debug|x64.ActiveCfg = Debug|Any CPU
		{F24E449D-52F9-42FD-A607-E40FAB5AEDAD}.Debug|x64.Build.0 = Debug|Any CPU
		{F24E449D-52F9-42FD-A607-E40FAB5AEDAD}.Debug|x86.ActiveCfg = Debug|Any CPU
		{F24E449D-52F9-42FD-A607-E40FAB5AEDAD}.Debug|x86.Build.0 = Debug|Any CPU
		{F24E449D-52F9-42FD-A607-E40FAB5AEDAD}.Release|Any CPU.ActiveCfg = Release|Any CPU
		{F24E449D-52F9-42FD-A607-E40FAB5AEDAD}.Release|Any CPU.Build.0 = Release|Any CPU
		{F24E449D-52F9-42FD-A607-E40FAB5AEDAD}.Release|ARM.ActiveCfg = Release|Any CPU
		{F24E449D-52F9-42FD-A607-E40FAB5AEDAD}.Release|ARM.Build.0 = Release|Any CPU
		{F24E449D-52F9-42FD-A607-E40FAB5AEDAD}.Release|ARM64.ActiveCfg = Release|Any CPU
		{F24E449D-52F9-42FD-A607-E40FAB5AEDAD}.Release|ARM64.Build.0 = Release|Any CPU
		{F24E449D-52F9-42FD-A607-E40FAB5AEDAD}.Release|x64.ActiveCfg = Release|Any CPU
		{F24E449D-52F9-42FD-A607-E40FAB5AEDAD}.Release|x64.Build.0 = Release|Any CPU
		{F24E449D-52F9-42FD-A607-E40FAB5AEDAD}.Release|x86.ActiveCfg = Release|Any CPU
		{F24E449D-52F9-42FD-A607-E40FAB5AEDAD}.Release|x86.Build.0 = Release|Any CPU
	EndGlobalSection
	GlobalSection(SolutionProperties) = preSolution
		HideSolutionNode = FALSE
	EndGlobalSection
	GlobalSection(ExtensibilityGlobals) = postSolution
		SolutionGuid = {F7B85C32-21D2-4642-8DCC-1EF5F1F17242}
	EndGlobalSection
EndGlobal
