
Microsoft Visual Studio Solution File, Format Version 12.00
# Visual Studio Version 17
VisualStudioVersion = 17.9.34701.34
MinimumVisualStudioVersion = 10.0.40219.1
Project("{9A19103F-16F7-4668-BE54-9A1E7A4F7556}") = "Task0", "Task0\Task0.csproj", "{E2AB52ED-B90C-4CD2-9507-53FA07F2BCB5}"
EndProject
Project("{FAE04EC0-301F-11D3-BF4B-00C04F79EFBC}") = "TestsTask0", "TestsTask0\TestsTask0.csproj", "{C418FA4E-F13F-4BAC-9DBF-F7F95B3907C0}"
EndProject
Global
	GlobalSection(SolutionConfigurationPlatforms) = preSolution
		Debug|Any CPU = Debug|Any CPU
		Release|Any CPU = Release|Any CPU
	EndGlobalSection
	GlobalSection(ProjectConfigurationPlatforms) = postSolution
		{E2AB52ED-B90C-4CD2-9507-53FA07F2BCB5}.Debug|Any CPU.ActiveCfg = Debug|Any CPU
		{E2AB52ED-B90C-4CD2-9507-53FA07F2BCB5}.Debug|Any CPU.Build.0 = Debug|Any CPU
		{E2AB52ED-B90C-4CD2-9507-53FA07F2BCB5}.Release|Any CPU.ActiveCfg = Release|Any CPU
		{E2AB52ED-B90C-4CD2-9507-53FA07F2BCB5}.Release|Any CPU.Build.0 = Release|Any CPU
		{C418FA4E-F13F-4BAC-9DBF-F7F95B3907C0}.Debug|Any CPU.ActiveCfg = Debug|Any CPU
		{C418FA4E-F13F-4BAC-9DBF-F7F95B3907C0}.Debug|Any CPU.Build.0 = Debug|Any CPU
		{C418FA4E-F13F-4BAC-9DBF-F7F95B3907C0}.Release|Any CPU.ActiveCfg = Release|Any CPU
		{C418FA4E-F13F-4BAC-9DBF-F7F95B3907C0}.Release|Any CPU.Build.0 = Release|Any CPU
	EndGlobalSection
	GlobalSection(SolutionProperties) = preSolution
		HideSolutionNode = FALSE
	EndGlobalSection
	GlobalSection(ExtensibilityGlobals) = postSolution
		SolutionGuid = {E482EE2A-E6AC-4635-89E0-88F4D7B02E13}
	EndGlobalSection
EndGlobal
